{
  "name": "@aredridel/fractal-svelte-adapter",
  "version": "1.0.0-1",
  "lockfileVersion": 1,
  "requires": true,
  "dependencies": {
    "svelte": {
      "version": "3.19.2",
      "resolved": "https://registry.npmjs.org/svelte/-/svelte-3.19.2.tgz",
      "integrity": "sha512-Jswg065u8R9QYcN0rdpTQSFIr0hFq7YUzcPpEY6ZpFSAWkJKZG9AJvHE1d8+NJDTfr7SzKrO6EYssYYkUmszpA==",
      "dev": true
    }
  }
}
